// !$*UTF8*$!
{
	archiveVersion = 1;
	classes = {
	};
	objectVersion = 46;
	objects = {

/* Begin PBXBuildFile section */
		72BDC418B5E056AC5023F4A9 /* Pods_nullHands.framework in Frameworks */ = {isa = PBXBuildFile; fileRef = 58710D1E4BAC351970157A28 /* Pods_nullHands.framework */; };
		C87DA5F61D83DDAF00407718 /* GoogleService-Info.plist in Resources */ = {isa = PBXBuildFile; fileRef = C87DA5F51D83DDAF00407718 /* GoogleService-Info.plist */; };
		C8ECC3481D83DBD000B3B433 /* AppDelegate.swift in Sources */ = {isa = PBXBuildFile; fileRef = C8ECC3471D83DBD000B3B433 /* AppDelegate.swift */; };
		C8ECC34A1D83DBD000B3B433 /* ViewController.swift in Sources */ = {isa = PBXBuildFile; fileRef = C8ECC3491D83DBD000B3B433 /* ViewController.swift */; };
		C8ECC34D1D83DBD100B3B433 /* Main.storyboard in Resources */ = {isa = PBXBuildFile; fileRef = C8ECC34B1D83DBD100B3B433 /* Main.storyboard */; };
		C8ECC34F1D83DBD100B3B433 /* Assets.xcassets in Resources */ = {isa = PBXBuildFile; fileRef = C8ECC34E1D83DBD100B3B433 /* Assets.xcassets */; };
		C8ECC3521D83DBD100B3B433 /* LaunchScreen.storyboard in Resources */ = {isa = PBXBuildFile; fileRef = C8ECC3501D83DBD100B3B433 /* LaunchScreen.storyboard */; };
/* End PBXBuildFile section */

/* Begin PBXFileReference section */
		2AB55DB94BC8D2824BF3167F /* Pods-nullHands.debug.xcconfig */ = {isa = PBXFileReference; includeInIndex = 1; lastKnownFileType = text.xcconfig; name = "Pods-nullHands.debug.xcconfig"; path = "Pods/Target Support Files/Pods-nullHands/Pods-nullHands.debug.xcconfig"; sourceTree = "<group>"; };
		47484203721214D45F8615F2 /* Pods-nullHands.release.xcconfig */ = {isa = PBXFileReference; includeInIndex = 1; lastKnownFileType = text.xcconfig; name = "Pods-nullHands.release.xcconfig"; path = "Pods/Target Support Files/Pods-nullHands/Pods-nullHands.release.xcconfig"; sourceTree = "<group>"; };
		58710D1E4BAC351970157A28 /* Pods_nullHands.framework */ = {isa = PBXFileReference; explicitFileType = wrapper.framework; includeInIndex = 0; path = Pods_nullHands.framework; sourceTree = BUILT_PRODUCTS_DIR; };
		C87DA5F51D83DDAF00407718 /* GoogleService-Info.plist */ = {isa = PBXFileReference; fileEncoding = 4; lastKnownFileType = text.plist.xml; path = "GoogleService-Info.plist"; sourceTree = "<group>"; };
		C8ECC3441D83DBD000B3B433 /* nullHands.app */ = {isa = PBXFileReference; explicitFileType = wrapper.application; includeInIndex = 0; path = nullHands.app; sourceTree = BUILT_PRODUCTS_DIR; };
		C8ECC3471D83DBD000B3B433 /* AppDelegate.swift */ = {isa = PBXFileReference; lastKnownFileType = sourcecode.swift; path = AppDelegate.swift; sourceTree = "<group>"; };
		C8ECC3491D83DBD000B3B433 /* ViewController.swift */ = {isa = PBXFileReference; lastKnownFileType = sourcecode.swift; path = ViewController.swift; sourceTree = "<group>"; };
		C8ECC34C1D83DBD100B3B433 /* Base */ = {isa = PBXFileReference; lastKnownFileType = file.storyboard; name = Base; path = Base.lproj/Main.storyboard; sourceTree = "<group>"; };
		C8ECC34E1D83DBD100B3B433 /* Assets.xcassets */ = {isa = PBXFileReference; lastKnownFileType = folder.assetcatalog; path = Assets.xcassets; sourceTree = "<group>"; };
		C8ECC3511D83DBD100B3B433 /* Base */ = {isa = PBXFileReference; lastKnownFileType = file.storyboard; name = Base; path = Base.lproj/LaunchScreen.storyboard; sourceTree = "<group>"; };
		C8ECC3531D83DBD100B3B433 /* Info.plist */ = {isa = PBXFileReference; lastKnownFileType = text.plist.xml; path = Info.plist; sourceTree = "<group>"; };
/* End PBXFileReference section */

/* Begin PBXFrameworksBuildPhase section */
		C8ECC3411D83DBD000B3B433 /* Frameworks */ = {
			isa = PBXFrameworksBuildPhase;
			buildActionMask = 2147483647;
			files = (
				72BDC418B5E056AC5023F4A9 /* Pods_nullHands.framework in Frameworks */,
			);
			runOnlyForDeploymentPostprocessing = 0;
		};
/* End PBXFrameworksBuildPhase section */

/* Begin PBXGroup section */
		3F4AC90991C3C22145485E1F /* Frameworks */ = {
			isa = PBXGroup;
			children = (
				58710D1E4BAC351970157A28 /* Pods_nullHands.framework */,
			);
			name = Frameworks;
			sourceTree = "<group>";
		};
		7CB14B3A7E550439EA720696 /* Pods */ = {
			isa = PBXGroup;
			children = (
				2AB55DB94BC8D2824BF3167F /* Pods-nullHands.debug.xcconfig */,
				47484203721214D45F8615F2 /* Pods-nullHands.release.xcconfig */,
			);
			name = Pods;
			sourceTree = "<group>";
		};
		C8ECC33B1D83DBD000B3B433 = {
			isa = PBXGroup;
			children = (
				C8ECC3461D83DBD000B3B433 /* nullHands */,
				C8ECC3451D83DBD000B3B433 /* Products */,
				7CB14B3A7E550439EA720696 /* Pods */,
				3F4AC90991C3C22145485E1F /* Frameworks */,
			);
			sourceTree = "<group>";
		};
		C8ECC3451D83DBD000B3B433 /* Products */ = {
			isa = PBXGroup;
			children = (
				C8ECC3441D83DBD000B3B433 /* nullHands.app */,
			);
			name = Products;
			sourceTree = "<group>";
		};
		C8ECC3461D83DBD000B3B433 /* nullHands */ = {
			isa = PBXGroup;
			children = (
				C8ECC3471D83DBD000B3B433 /* AppDelegate.swift */,
				C8ECC3491D83DBD000B3B433 /* ViewController.swift */,
				C8ECC34B1D83DBD100B3B433 /* Main.storyboard */,
				C8ECC34E1D83DBD100B3B433 /* Assets.xcassets */,
				C8ECC3501D83DBD100B3B433 /* LaunchScreen.storyboard */,
				C8ECC3531D83DBD100B3B433 /* Info.plist */,
				C87DA5F51D83DDAF00407718 /* GoogleService-Info.plist */,
			);
			path = nullHands;
			sourceTree = "<group>";
		};
/* End PBXGroup section */

/* Begin PBXNativeTarget section */
		C8ECC3431D83DBD000B3B433 /* nullHands */ = {
			isa = PBXNativeTarget;
			buildConfigurationList = C8ECC3561D83DBD100B3B433 /* Build configuration list for PBXNativeTarget "nullHands" */;
			buildPhases = (
				341D69C45A6AECBB9FDF7B55 /* [CP] Check Pods Manifest.lock */,
				C8ECC3401D83DBD000B3B433 /* Sources */,
				C8ECC3411D83DBD000B3B433 /* Frameworks */,
				C8ECC3421D83DBD000B3B433 /* Resources */,
				3AB7F1BED2023F5B411568C4 /* [CP] Embed Pods Frameworks */,
				8180026D2A5DA77939E06F6B /* [CP] Copy Pods Resources */,
			);
			buildRules = (
			);
			dependencies = (
			);
			name = nullHands;
			productName = nullHands;
			productReference = C8ECC3441D83DBD000B3B433 /* nullHands.app */;
			productType = "com.apple.product-type.application";
		};
/* End PBXNativeTarget section */

/* Begin PBXProject section */
		C8ECC33C1D83DBD000B3B433 /* Project object */ = {
			isa = PBXProject;
			attributes = {
				LastSwiftUpdateCheck = 0800;
				LastUpgradeCheck = 0800;
				ORGANIZATIONNAME = "Wilson Ding";
				TargetAttributes = {
					C8ECC3431D83DBD000B3B433 = {
						CreatedOnToolsVersion = 8.0;
						DevelopmentTeam = 585SNYAD83;
						LastSwiftMigration = 0800;
						ProvisioningStyle = Automatic;
					};
				};
			};
			buildConfigurationList = C8ECC33F1D83DBD000B3B433 /* Build configuration list for PBXProject "nullHands" */;
			compatibilityVersion = "Xcode 3.2";
			developmentRegion = English;
			hasScannedForEncodings = 0;
			knownRegions = (
				en,
				Base,
			);
			mainGroup = C8ECC33B1D83DBD000B3B433;
			productRefGroup = C8ECC3451D83DBD000B3B433 /* Products */;
			projectDirPath = "";
			projectRoot = "";
			targets = (
				C8ECC3431D83DBD000B3B433 /* nullHands */,
			);
		};
/* End PBXProject section */

/* Begin PBXResourcesBuildPhase section */
		C8ECC3421D83DBD000B3B433 /* Resources */ = {
			isa = PBXResourcesBuildPhase;
			buildActionMask = 2147483647;
			files = (
				C87DA5F61D83DDAF00407718 /* GoogleService-Info.plist in Resources */,
				C8ECC3521D83DBD100B3B433 /* LaunchScreen.storyboard in Resources */,
				C8ECC34F1D83DBD100B3B433 /* Assets.xcassets in Resources */,
				C8ECC34D1D83DBD100B3B433 /* Main.storyboard in Resources */,
			);
			runOnlyForDeploymentPostprocessing = 0;
		};
/* End PBXResourcesBuildPhase section */

/* Begin PBXShellScriptBuildPhase section */
		341D69C45A6AECBB9FDF7B55 /* [CP] Check Pods Manifest.lock */ = {
			isa = PBXShellScriptBuildPhase;
			buildActionMask = 2147483647;
			files = (
			);
			inputPaths = (
			);
			name = "[CP] Check Pods Manifest.lock";
			outputPaths = (
			);
			runOnlyForDeploymentPostprocessing = 0;
			shellPath = /bin/sh;
			shellScript = "diff \"${PODS_ROOT}/../Podfile.lock\" \"${PODS_ROOT}/Manifest.lock\" > /dev/null\nif [[ $? != 0 ]] ; then\n    cat << EOM\nerror: The sandbox is not in sync with the Podfile.lock. Run 'pod install' or update your CocoaPods installation.\nEOM\n    exit 1\nfi\n";
			showEnvVarsInLog = 0;
		};
		3AB7F1BED2023F5B411568C4 /* [CP] Embed Pods Frameworks */ = {
			isa = PBXShellScriptBuildPhase;
			buildActionMask = 2147483647;
			files = (
			);
			inputPaths = (
			);
			name = "[CP] Embed Pods Frameworks";
			outputPaths = (
			);
			runOnlyForDeploymentPostprocessing = 0;
			shellPath = /bin/sh;
			shellScript = "\"${SRCROOT}/Pods/Target Support Files/Pods-nullHands/Pods-nullHands-frameworks.sh\"\n";
			showEnvVarsInLog = 0;
		};
		8180026D2A5DA77939E06F6B /* [CP] Copy Pods Resources */ = {
			isa = PBXShellScriptBuildPhase;
			buildActionMask = 2147483647;
			files = (
			);
			inputPaths = (
			);
			name = "[CP] Copy Pods Resources";
			outputPaths = (
			);
			runOnlyForDeploymentPostprocessing = 0;
			shellPath = /bin/sh;
			shellScript = "\"${SRCROOT}/Pods/Target Support Files/Pods-nullHands/Pods-nullHands-resources.sh\"\n";
			showEnvVarsInLog = 0;
		};
/* End PBXShellScriptBuildPhase section */

/* Begin PBXSourcesBuildPhase section */
		C8ECC3401D83DBD000B3B433 /* Sources */ = {
			isa = PBXSourcesBuildPhase;
			buildActionMask = 2147483647;
			files = (
				C8ECC34A1D83DBD000B3B433 /* ViewController.swift in Sources */,
				C8ECC3481D83DBD000B3B433 /* AppDelegate.swift in Sources */,
			);
			runOnlyForDeploymentPostprocessing = 0;
		};
/* End PBXSourcesBuildPhase section */

/* Begin PBXVariantGroup section */
		C8ECC34B1D83DBD100B3B433 /* Main.storyboard */ = {
			isa = PBXVariantGroup;
			children = (
				C8ECC34C1D83DBD100B3B433 /* Base */,
			);
			name = Main.storyboard;
			sourceTree = "<group>";
		};
		C8ECC3501D83DBD100B3B433 /* LaunchScreen.storyboard */ = {
			isa = PBXVariantGroup;
			children = (
				C8ECC3511D83DBD100B3B433 /* Base */,
			);
			name = LaunchScreen.storyboard;
			sourceTree = "<group>";
		};
/* End PBXVariantGroup section */

/* Begin XCBuildConfiguration section */
		C8ECC3541D83DBD100B3B433 /* Debug */ = {
			isa = XCBuildConfiguration;
			buildSettings = {
				ALWAYS_SEARCH_USER_PATHS = NO;
				CLANG_ANALYZER_NONNULL = YES;
				CLANG_CXX_LANGUAGE_STANDARD = "gnu++0x";
				CLANG_CXX_LIBRARY = "libc++";
				CLANG_ENABLE_MODULES = YES;
				CLANG_ENABLE_OBJC_ARC = YES;
				CLANG_WARN_BOOL_CONVERSION = YES;
				CLANG_WARN_CONSTANT_CONVERSION = YES;
				CLANG_WARN_DIRECT_OBJC_ISA_USAGE = YES_ERROR;
				CLANG_WARN_DOCUMENTATION_COMMENTS = YES;
				CLANG_WARN_EMPTY_BODY = YES;
				CLANG_WARN_ENUM_CONVERSION = YES;
				CLANG_WARN_INFINITE_RECURSION = YES;
				CLANG_WARN_INT_CONVERSION = YES;
				CLANG_WARN_OBJC_ROOT_CLASS = YES_ERROR;
				CLANG_WARN_SUSPICIOUS_MOVES = YES;
				CLANG_WARN_UNREACHABLE_CODE = YES;
				CLANG_WARN__DUPLICATE_METHOD_MATCH = YES;
				"CODE_SIGN_IDENTITY[sdk=iphoneos*]" = "iPhone Developer";
				COPY_PHASE_STRIP = NO;
				DEBUG_INFORMATION_FORMAT = dwarf;
				ENABLE_STRICT_OBJC_MSGSEND = YES;
				ENABLE_TESTABILITY = YES;
				GCC_C_LANGUAGE_STANDARD = gnu99;
				GCC_DYNAMIC_NO_PIC = NO;
				GCC_NO_COMMON_BLOCKS = YES;
				GCC_OPTIMIZATION_LEVEL = 0;
				GCC_PREPROCESSOR_DEFINITIONS = (
					"DEBUG=1",
					"$(inherited)",
				);
				GCC_WARN_64_TO_32_BIT_CONVERSION = YES;
				GCC_WARN_ABOUT_RETURN_TYPE = YES_ERROR;
				GCC_WARN_UNDECLARED_SELECTOR = YES;
				GCC_WARN_UNINITIALIZED_AUTOS = YES_AGGRESSIVE;
				GCC_WARN_UNUSED_FUNCTION = YES;
				GCC_WARN_UNUSED_VARIABLE = YES;
				IPHONEOS_DEPLOYMENT_TARGET = 10.0;
				MTL_ENABLE_DEBUG_INFO = YES;
				ONLY_ACTIVE_ARCH = YES;
				SDKROOT = iphoneos;
				SWIFT_ACTIVE_COMPILATION_CONDITIONS = DEBUG;
				SWIFT_OPTIMIZATION_LEVEL = "-Onone";
				TARGETED_DEVICE_FAMILY = "1,2";
			};
			name = Debug;
		};
		C8ECC3551D83DBD100B3B433 /* Release */ = {
			isa = XCBuildConfiguration;
			buildSettings = {
				ALWAYS_SEARCH_USER_PATHS = NO;
				CLANG_ANALYZER_NONNULL = YES;
				CLANG_CXX_LANGUAGE_STANDARD = "gnu++0x";
				CLANG_CXX_LIBRARY = "libc++";
				CLANG_ENABLE_MODULES = YES;
				CLANG_ENABLE_OBJC_ARC = YES;
				CLANG_WARN_BOOL_CONVERSION = YES;
				CLANG_WARN_CONSTANT_CONVERSION = YES;
				CLANG_WARN_DIRECT_OBJC_ISA_USAGE = YES_ERROR;
				CLANG_WARN_DOCUMENTATION_COMMENTS = YES;
				CLANG_WARN_EMPTY_BODY = YES;
				CLANG_WARN_ENUM_CONVERSION = YES;
				CLANG_WARN_INFINITE_RECURSION = YES;
				CLANG_WARN_INT_CONVERSION = YES;
				CLANG_WARN_OBJC_ROOT_CLASS = YES_ERROR;
				CLANG_WARN_SUSPICIOUS_MOVES = YES;
				CLANG_WARN_UNREACHABLE_CODE = YES;
				CLANG_WARN__DUPLICATE_METHOD_MATCH = YES;
				"CODE_SIGN_IDENTITY[sdk=iphoneos*]" = "iPhone Developer";
				COPY_PHASE_STRIP = NO;
				DEBUG_INFORMATION_FORMAT = "dwarf-with-dsym";
				ENABLE_NS_ASSERTIONS = NO;
				ENABLE_STRICT_OBJC_MSGSEND = YES;
				GCC_C_LANGUAGE_STANDARD = gnu99;
				GCC_NO_COMMON_BLOCKS = YES;
				GCC_WARN_64_TO_32_BIT_CONVERSION = YES;
				GCC_WARN_ABOUT_RETURN_TYPE = YES_ERROR;
				GCC_WARN_UNDECLARED_SELECTOR = YES;
				GCC_WARN_UNINITIALIZED_AUTOS = YES_AGGRESSIVE;
				GCC_WARN_UNUSED_FUNCTION = YES;
				GCC_WARN_UNUSED_VARIABLE = YES;
				IPHONEOS_DEPLOYMENT_TARGET = 10.0;
				MTL_ENABLE_DEBUG_INFO = NO;
				SDKROOT = iphoneos;
				SWIFT_OPTIMIZATION_LEVEL = "-Owholemodule";
				TARGETED_DEVICE_FAMILY = "1,2";
				VALIDATE_PRODUCT = YES;
			};
			name = Release;
		};
		C8ECC3571D83DBD100B3B433 /* Debug */ = {
			isa = XCBuildConfiguration;
			baseConfigurationReference = 2AB55DB94BC8D2824BF3167F /* Pods-nullHands.debug.xcconfig */;
			buildSettings = {
				ASSETCATALOG_COMPILER_APPICON_NAME = AppIcon;
				DEVELOPMENT_TEAM = 585SNYAD83;
				INFOPLIST_FILE = nullHands/Info.plist;
				LD_RUNPATH_SEARCH_PATHS = "$(inherited) @executable_path/Frameworks";
				PRODUCT_BUNDLE_IDENTIFIER = com.wilsonding.nullHand;
				PRODUCT_NAME = "$(TARGET_NAME)";
				SWIFT_VERSION = 3.0;
			};
			name = Debug;
		};
		C8ECC3581D83DBD100B3B433 /* Release */ = {
			isa = XCBuildConfiguration;
			baseConfigurationReference = 47484203721214D45F8615F2 /* Pods-nullHands.release.xcconfig */;
			buildSettings = {
				ASSETCATALOG_COMPILER_APPICON_NAME = AppIcon;
				DEVELOPMENT_TEAM = 585SNYAD83;
				INFOPLIST_FILE = nullHands/Info.plist;
				LD_RUNPATH_SEARCH_PATHS = "$(inherited) @executable_path/Frameworks";
				PRODUCT_BUNDLE_IDENTIFIER = com.wilsonding.nullHand;
				PRODUCT_NAME = "$(TARGET_NAME)";
				SWIFT_VERSION = 3.0;
			};
			name = Release;
		};
/* End XCBuildConfiguration section */

/* Begin XCConfigurationList section */
		C8ECC33F1D83DBD000B3B433 /* Build configuration list for PBXProject "nullHands" */ = {
			isa = XCConfigurationList;
			buildConfigurations = (
				C8ECC3541D83DBD100B3B433 /* Debug */,
				C8ECC3551D83DBD100B3B433 /* Release */,
			);
			defaultConfigurationIsVisible = 0;
			defaultConfigurationName = Release;
		};
		C8ECC3561D83DBD100B3B433 /* Build configuration list for PBXNativeTarget "nullHands" */ = {
			isa = XCConfigurationList;
			buildConfigurations = (
				C8ECC3571D83DBD100B3B433 /* Debug */,
				C8ECC3581D83DBD100B3B433 /* Release */,
			);
			defaultConfigurationIsVisible = 0;
			defaultConfigurationName = Release;
		};
/* End XCConfigurationList section */
	};
	rootObject = C8ECC33C1D83DBD000B3B433 /* Project object */;
}
